
Microsoft Visual Studio Solution File, Format Version 11.00
# Visual Studio 2010
Project("{FAE04EC0-301F-11D3-BF4B-00C04F79EFBC}") = "Assembly-CSharp", "Assembly-CSharp.csproj", "{555DB89C-362A-D8EB-C4AB-006E1842EAB2}"
EndProject
Project("{FAE04EC0-301F-11D3-BF4B-00C04F79EFBC}") = "Assembly-CSharp-Editor", "Assembly-CSharp-Editor.csproj", "{2D646EF0-266F-01F1-3B2E-C9572DCCAC4F}"
EndProject
Global
	GlobalSection(SolutionConfigurationPlatforms) = preSolution
		Debug|Any CPU = Debug|Any CPU
		Release|Any CPU = Release|Any CPU
	EndGlobalSection
	GlobalSection(ProjectConfigurationPlatforms) = postSolution
		{555DB89C-362A-D8EB-C4AB-006E1842EAB2}.Debug|Any CPU.ActiveCfg = Debug|Any CPU
		{555DB89C-362A-D8EB-C4AB-006E1842EAB2}.Debug|Any CPU.Build.0 = Debug|Any CPU
		{555DB89C-362A-D8EB-C4AB-006E1842EAB2}.Release|Any CPU.ActiveCfg = Release|Any CPU
		{555DB89C-362A-D8EB-C4AB-006E1842EAB2}.Release|Any CPU.Build.0 = Release|Any CPU
		{2D646EF0-266F-01F1-3B2E-C9572DCCAC4F}.Debug|Any CPU.ActiveCfg = Debug|Any CPU
		{2D646EF0-266F-01F1-3B2E-C9572DCCAC4F}.Debug|Any CPU.Build.0 = Debug|Any CPU
		{2D646EF0-266F-01F1-3B2E-C9572DCCAC4F}.Release|Any CPU.ActiveCfg = Release|Any CPU
		{2D646EF0-266F-01F1-3B2E-C9572DCCAC4F}.Release|Any CPU.Build.0 = Release|Any CPU
	EndGlobalSection
	GlobalSection(SolutionProperties) = preSolution
		HideSolutionNode = FALSE
	EndGlobalSection
EndGlobal
